{
  "name": "nodejs",
  "lockfileVersion": 3,
  "requires": true,
  "packages": {
    "": {
      "dependencies": {
        "isbot": "^5.1.23",
        "node": "^23.9.0",
        "react": "^19.0.0",
        "remix": "^2.16.0"
      }
    },
    "node_modules/isbot": {
      "version": "5.1.23",
      "resolved": "https://registry.npmjs.org/isbot/-/isbot-5.1.23.tgz",
      "integrity": "sha512-ie3ehy2iXdkuzaZx32SoKb9b8l9Cm8cqQ1lJjQXnq8GRTrk/Jx7IUDcB4mhlw6H3gWaMqGYoWeV0lPv1P/20Ig==",
      "license": "Unlicense",
      "engines": {
        "node": ">=18"
      }
    },
    "node_modules/node": {
      "version": "23.9.0",
      "resolved": "https://registry.npmjs.org/node/-/node-23.9.0.tgz",
      "integrity": "sha512-G1UAqOInNxL2HkLV0i3ZEgnNsSsWsf4tlpMpR44s7jYPEH8sCXObnxgyphibOiHdyheRkUzE9lRJXJ/4n0/KdA==",
      "hasInstallScript": true,
      "license": "ISC",
      "dependencies": {
        "node-bin-setup": "^1.0.0"
      },
      "bin": {
        "node": "bin/node"
      },
      "engines": {
        "npm": ">=5.0.0"
      }
    },
    "node_modules/node-bin-setup": {
      "version": "1.1.3",
      "resolved": "https://registry.npmjs.org/node-bin-setup/-/node-bin-setup-1.1.3.tgz",
      "integrity": "sha512-opgw9iSCAzT2+6wJOETCpeRYAQxSopqQ2z+N6BXwIMsQQ7Zj5M8MaafQY8JMlolRR6R1UXg2WmhKp0p9lSOivg==",
      "license": "ISC"
    },
    "node_modules/react": {
      "version": "19.0.0",
      "resolved": "https://registry.npmjs.org/react/-/react-19.0.0.tgz",
      "integrity": "sha512-V8AVnmPIICiWpGfm6GLzCR/W5FXLchHop40W4nXBmdlEceh16rCN8O8LNWm5bh5XUX91fh7KpA+W0TgMKmgTpQ==",
      "license": "MIT",
      "engines": {
        "node": ">=0.10.0"
      }
    },
    "node_modules/remix": {
      "version": "2.16.0",
      "resolved": "https://registry.npmjs.org/remix/-/remix-2.16.0.tgz",
      "integrity": "sha512-vxiJLD6+TuFbUmZ1/tGGTCaUfyNVOtqXc7egFJAO6PR9ScPyI8l++7BoFCSylV2Trfc8bvC2W6qWHwZZZc1IpQ==",
      "license": "MIT",
      "engines": {
        "node": ">=18.0.0"
      }
    }
  }
}
